
Microsoft Visual Studio Solution File, Format Version 12.00
# Visual Studio Version 17
VisualStudioVersion = 17.0.31903.59
MinimumVisualStudioVersion = 10.0.40219.1
Project("{FAE04EC0-301F-11D3-BF4B-00C04F79EFBC}") = "Bison.CLI", "src\Bison.CLI.csproj", "{B14952E0-560E-4923-B094-94DAA0189C61}"
EndProject
Project("{2150E333-8FDC-42A3-9474-1A3956D46DE8}") = "test", "test", "{24FBF01A-FA1D-4D88-A3A0-854B20FF3F2F}"
EndProject
Project("{FAE04EC0-301F-11D3-BF4B-00C04F79EFBC}") = "Bison.CLI.Tests", "test\Bison.CLI.Tests\Bison.CLI.Tests.csproj", "{618D6ED7-9109-417F-B8BC-813E9DBBB5E2}"
EndProject
Project("{FAE04EC0-301F-11D3-BF4B-00C04F79EFBC}") = "SimpleDB.Tests", "test\SimpleDB.Tests\SimpleDB.Tests.csproj", "{927EFB91-D32C-4B51-892A-B61F119123F1}"
EndProject
Project("{2150E333-8FDC-42A3-9474-1A3956D46DE8}") = "src", "src", "{5476485F-9A1D-4BC8-A6FB-72CDE61B4452}"
EndProject
Project("{FAE04EC0-301F-11D3-BF4B-00C04F79EFBC}") = "SimpleDB", "src\SimpleDB\SimpleDB.csproj", "{797F408B-6ACA-4470-BBE7-113CDF68AA41}"
EndProject
Global
	GlobalSection(SolutionConfigurationPlatforms) = preSolution
		Debug|Any CPU = Debug|Any CPU
		Release|Any CPU = Release|Any CPU
	EndGlobalSection
	GlobalSection(SolutionProperties) = preSolution
		HideSolutionNode = FALSE
	EndGlobalSection
	GlobalSection(ProjectConfigurationPlatforms) = postSolution
		{B14952E0-560E-4923-B094-94DAA0189C61}.Debug|Any CPU.ActiveCfg = Debug|Any CPU
		{B14952E0-560E-4923-B094-94DAA0189C61}.Debug|Any CPU.Build.0 = Debug|Any CPU
		{B14952E0-560E-4923-B094-94DAA0189C61}.Release|Any CPU.ActiveCfg = Release|Any CPU
		{B14952E0-560E-4923-B094-94DAA0189C61}.Release|Any CPU.Build.0 = Release|Any CPU
		{618D6ED7-9109-417F-B8BC-813E9DBBB5E2}.Debug|Any CPU.ActiveCfg = Debug|Any CPU
		{618D6ED7-9109-417F-B8BC-813E9DBBB5E2}.Debug|Any CPU.Build.0 = Debug|Any CPU
		{618D6ED7-9109-417F-B8BC-813E9DBBB5E2}.Release|Any CPU.ActiveCfg = Release|Any CPU
		{618D6ED7-9109-417F-B8BC-813E9DBBB5E2}.Release|Any CPU.Build.0 = Release|Any CPU
		{927EFB91-D32C-4B51-892A-B61F119123F1}.Debug|Any CPU.ActiveCfg = Debug|Any CPU
		{927EFB91-D32C-4B51-892A-B61F119123F1}.Debug|Any CPU.Build.0 = Debug|Any CPU
		{927EFB91-D32C-4B51-892A-B61F119123F1}.Release|Any CPU.ActiveCfg = Release|Any CPU
		{927EFB91-D32C-4B51-892A-B61F119123F1}.Release|Any CPU.Build.0 = Release|Any CPU
		{797F408B-6ACA-4470-BBE7-113CDF68AA41}.Debug|Any CPU.ActiveCfg = Debug|Any CPU
		{797F408B-6ACA-4470-BBE7-113CDF68AA41}.Debug|Any CPU.Build.0 = Debug|Any CPU
		{797F408B-6ACA-4470-BBE7-113CDF68AA41}.Release|Any CPU.ActiveCfg = Release|Any CPU
		{797F408B-6ACA-4470-BBE7-113CDF68AA41}.Release|Any CPU.Build.0 = Release|Any CPU
	EndGlobalSection
	GlobalSection(NestedProjects) = preSolution
		{618D6ED7-9109-417F-B8BC-813E9DBBB5E2} = {24FBF01A-FA1D-4D88-A3A0-854B20FF3F2F}
		{927EFB91-D32C-4B51-892A-B61F119123F1} = {24FBF01A-FA1D-4D88-A3A0-854B20FF3F2F}
		{797F408B-6ACA-4470-BBE7-113CDF68AA41} = {5476485F-9A1D-4BC8-A6FB-72CDE61B4452}
	EndGlobalSection
EndGlobal
